
Microsoft Visual Studio Solution File, Format Version 12.00
# Visual Studio Version 16
VisualStudioVersion = 16.0.29102.190
MinimumVisualStudioVersion = 10.0.40219.1
Project("{FAE04EC0-301F-11D3-BF4B-00C04F79EFBC}") = "EmployeeData", "EmployeeData\EmployeeData.csproj", "{2829AC82-CFEE-4D00-8BCA-3F2E826D29A7}"
EndProject
Project("{FAE04EC0-301F-11D3-BF4B-00C04F79EFBC}") = "TEST", "TEST\TEST.csproj", "{C10ABD93-94A2-4B51-B73E-FE27788A9F38}"
EndProject
Global
	GlobalSection(SolutionConfigurationPlatforms) = preSolution
		Debug|Any CPU = Debug|Any CPU
		Release|Any CPU = Release|Any CPU
	EndGlobalSection
	GlobalSection(ProjectConfigurationPlatforms) = postSolution
		{2829AC82-CFEE-4D00-8BCA-3F2E826D29A7}.Debug|Any CPU.ActiveCfg = Debug|Any CPU
		{2829AC82-CFEE-4D00-8BCA-3F2E826D29A7}.Debug|Any CPU.Build.0 = Debug|Any CPU
		{2829AC82-CFEE-4D00-8BCA-3F2E826D29A7}.Release|Any CPU.ActiveCfg = Release|Any CPU
		{2829AC82-CFEE-4D00-8BCA-3F2E826D29A7}.Release|Any CPU.Build.0 = Release|Any CPU
		{C10ABD93-94A2-4B51-B73E-FE27788A9F38}.Debug|Any CPU.ActiveCfg = Debug|Any CPU
		{C10ABD93-94A2-4B51-B73E-FE27788A9F38}.Debug|Any CPU.Build.0 = Debug|Any CPU
		{C10ABD93-94A2-4B51-B73E-FE27788A9F38}.Release|Any CPU.ActiveCfg = Release|Any CPU
		{C10ABD93-94A2-4B51-B73E-FE27788A9F38}.Release|Any CPU.Build.0 = Release|Any CPU
	EndGlobalSection
	GlobalSection(SolutionProperties) = preSolution
		HideSolutionNode = FALSE
	EndGlobalSection
	GlobalSection(ExtensibilityGlobals) = postSolution
		SolutionGuid = {2DFAACD5-E5E5-4228-9213-C0F4CC17F3EE}
	EndGlobalSection
EndGlobal
